// !$*UTF8*$!
{
	archiveVersion = 1;
	classes = {
	};
	objectVersion = 55;
	objects = {

/* Begin PBXBuildFile section */
		A1693B902852E1AB006FD56B /* GamesTableViewCell.swift in Sources */ = {isa = PBXBuildFile; fileRef = A1693B8F2852E1AB006FD56B /* GamesTableViewCell.swift */; };
		A1BF1A7B28528A2C009C507F /* AppDelegate.swift in Sources */ = {isa = PBXBuildFile; fileRef = A1BF1A7A28528A2C009C507F /* AppDelegate.swift */; };
		A1BF1A7D28528A2C009C507F /* SceneDelegate.swift in Sources */ = {isa = PBXBuildFile; fileRef = A1BF1A7C28528A2C009C507F /* SceneDelegate.swift */; };
		A1BF1A8228528A2C009C507F /* Main.storyboard in Resources */ = {isa = PBXBuildFile; fileRef = A1BF1A8028528A2C009C507F /* Main.storyboard */; };
		A1BF1A8528528A2C009C507F /* CampeoesDaCopa.xcdatamodeld in Sources */ = {isa = PBXBuildFile; fileRef = A1BF1A8328528A2C009C507F /* CampeoesDaCopa.xcdatamodeld */; };
		A1BF1A8728528A33009C507F /* Assets.xcassets in Resources */ = {isa = PBXBuildFile; fileRef = A1BF1A8628528A33009C507F /* Assets.xcassets */; };
		A1BF1AC328528ADF009C507F /* Hungria.png in Resources */ = {isa = PBXBuildFile; fileRef = A1BF1A9228528AD9009C507F /* Hungria.png */; };
		A1BF1AC428528ADF009C507F /* Argélia.png in Resources */ = {isa = PBXBuildFile; fileRef = A1BF1A9328528AD9009C507F /* Argélia.png */; };
		A1BF1AC528528ADF009C507F /* Argentina.png in Resources */ = {isa = PBXBuildFile; fileRef = A1BF1A9428528ADA009C507F /* Argentina.png */; };
		A1BF1AC628528ADF009C507F /* Iugoslávia.png in Resources */ = {isa = PBXBuildFile; fileRef = A1BF1A9528528ADA009C507F /* Iugoslávia.png */; };
		A1BF1AC728528ADF009C507F /* Áustria.png in Resources */ = {isa = PBXBuildFile; fileRef = A1BF1A9628528ADA009C507F /* Áustria.png */; };
		A1BF1AC828528ADF009C507F /* Tchecoslováquia.png in Resources */ = {isa = PBXBuildFile; fileRef = A1BF1A9728528ADA009C507F /* Tchecoslováquia.png */; };
		A1BF1AC928528ADF009C507F /* República Tcheca.png in Resources */ = {isa = PBXBuildFile; fileRef = A1BF1A9828528ADA009C507F /* República Tcheca.png */; };
		A1BF1ACA28528ADF009C507F /* Dinamarca.png in Resources */ = {isa = PBXBuildFile; fileRef = A1BF1A9928528ADA009C507F /* Dinamarca.png */; };
		A1BF1ACB28528ADF009C507F /* China.png in Resources */ = {isa = PBXBuildFile; fileRef = A1BF1A9A28528ADA009C507F /* China.png */; };
		A1BF1ACC28528ADF009C507F /* Itália.png in Resources */ = {isa = PBXBuildFile; fileRef = A1BF1A9B28528ADA009C507F /* Itália.png */; };
		A1BF1ACD28528ADF009C507F /* Holanda.png in Resources */ = {isa = PBXBuildFile; fileRef = A1BF1A9C28528ADA009C507F /* Holanda.png */; };
		A1BF1ACE28528ADF009C507F /* Bulgária.png in Resources */ = {isa = PBXBuildFile; fileRef = A1BF1A9D28528ADA009C507F /* Bulgária.png */; };
		A1BF1ACF28528ADF009C507F /* Chile.png in Resources */ = {isa = PBXBuildFile; fileRef = A1BF1A9E28528ADB009C507F /* Chile.png */; };
		A1BF1AD028528ADF009C507F /* Coréia do Sul.png in Resources */ = {isa = PBXBuildFile; fileRef = A1BF1A9F28528ADB009C507F /* Coréia do Sul.png */; };
		A1BF1AD128528ADF009C507F /* Noruega.png in Resources */ = {isa = PBXBuildFile; fileRef = A1BF1AA028528ADB009C507F /* Noruega.png */; };
		A1BF1AD228528ADF009C507F /* Arábia Saudita.png in Resources */ = {isa = PBXBuildFile; fileRef = A1BF1AA128528ADB009C507F /* Arábia Saudita.png */; };
		A1BF1AD328528ADF009C507F /* Suíça.png in Resources */ = {isa = PBXBuildFile; fileRef = A1BF1AA228528ADB009C507F /* Suíça.png */; };
		A1BF1AD428528ADF009C507F /* Romênia.png in Resources */ = {isa = PBXBuildFile; fileRef = A1BF1AA328528ADB009C507F /* Romênia.png */; };
		A1BF1AD528528ADF009C507F /* Alemanha Ocidental.png in Resources */ = {isa = PBXBuildFile; fileRef = A1BF1AA428528ADB009C507F /* Alemanha Ocidental.png */; };
		A1BF1AD628528ADF009C507F /* Peru.png in Resources */ = {isa = PBXBuildFile; fileRef = A1BF1AA528528ADB009C507F /* Peru.png */; };
		A1BF1AD728528ADF009C507F /* França.png in Resources */ = {isa = PBXBuildFile; fileRef = A1BF1AA628528ADB009C507F /* França.png */; };
		A1BF1AD828528ADF009C507F /* Honduras.png in Resources */ = {isa = PBXBuildFile; fileRef = A1BF1AA728528ADC009C507F /* Honduras.png */; };
		A1BF1AD928528ADF009C507F /* Gana.png in Resources */ = {isa = PBXBuildFile; fileRef = A1BF1AA828528ADC009C507F /* Gana.png */; };
		A1BF1ADA28528ADF009C507F /* Rússia.png in Resources */ = {isa = PBXBuildFile; fileRef = A1BF1AA928528ADC009C507F /* Rússia.png */; };
		A1BF1ADB28528ADF009C507F /* Espanha.png in Resources */ = {isa = PBXBuildFile; fileRef = A1BF1AAA28528ADC009C507F /* Espanha.png */; };
		A1BF1ADC28528ADF009C507F /* Austrália.png in Resources */ = {isa = PBXBuildFile; fileRef = A1BF1AAB28528ADC009C507F /* Austrália.png */; };
		A1BF1ADD28528ADF009C507F /* Alemanha Oriental.png in Resources */ = {isa = PBXBuildFile; fileRef = A1BF1AAC28528ADC009C507F /* Alemanha Oriental.png */; };
		A1BF1ADE28528ADF009C507F /* Brasil.png in Resources */ = {isa = PBXBuildFile; fileRef = A1BF1AAD28528ADC009C507F /* Brasil.png */; };
		A1BF1ADF28528ADF009C507F /* União Soviética.png in Resources */ = {isa = PBXBuildFile; fileRef = A1BF1AAE28528ADC009C507F /* União Soviética.png */; };
		A1BF1AE028528ADF009C507F /* Polônia.png in Resources */ = {isa = PBXBuildFile; fileRef = A1BF1AAF28528ADC009C507F /* Polônia.png */; };
		A1BF1AE128528ADF009C507F /* País de Gales.png in Resources */ = {isa = PBXBuildFile; fileRef = A1BF1AB028528ADD009C507F /* País de Gales.png */; };
		A1BF1AE228528ADF009C507F /* Paraguai.png in Resources */ = {isa = PBXBuildFile; fileRef = A1BF1AB128528ADD009C507F /* Paraguai.png */; };
		A1BF1AE328528ADF009C507F /* África do Sul.png in Resources */ = {isa = PBXBuildFile; fileRef = A1BF1AB228528ADD009C507F /* África do Sul.png */; };
		A1BF1AE428528ADF009C507F /* Croácia.png in Resources */ = {isa = PBXBuildFile; fileRef = A1BF1AB328528ADD009C507F /* Croácia.png */; };
		A1BF1AE528528ADF009C507F /* México.png in Resources */ = {isa = PBXBuildFile; fileRef = A1BF1AB428528ADD009C507F /* México.png */; };
		A1BF1AE628528ADF009C507F /* Inglaterra.png in Resources */ = {isa = PBXBuildFile; fileRef = A1BF1AB528528ADD009C507F /* Inglaterra.png */; };
		A1BF1AE728528ADF009C507F /* Turquia.png in Resources */ = {isa = PBXBuildFile; fileRef = A1BF1AB628528ADD009C507F /* Turquia.png */; };
		A1BF1AE828528ADF009C507F /* Uruguai.png in Resources */ = {isa = PBXBuildFile; fileRef = A1BF1AB728528ADD009C507F /* Uruguai.png */; };
		A1BF1AE928528ADF009C507F /* Colômbia.png in Resources */ = {isa = PBXBuildFile; fileRef = A1BF1AB828528ADE009C507F /* Colômbia.png */; };
		A1BF1AEA28528ADF009C507F /* Estados Unidos.png in Resources */ = {isa = PBXBuildFile; fileRef = A1BF1AB928528ADE009C507F /* Estados Unidos.png */; };
		A1BF1AEB28528ADF009C507F /* Portugal.png in Resources */ = {isa = PBXBuildFile; fileRef = A1BF1ABA28528ADE009C507F /* Portugal.png */; };
		A1BF1AEC28528ADF009C507F /* Costa Rica.png in Resources */ = {isa = PBXBuildFile; fileRef = A1BF1ABB28528ADE009C507F /* Costa Rica.png */; };
		A1BF1AED28528ADF009C507F /* Bélgica.png in Resources */ = {isa = PBXBuildFile; fileRef = A1BF1ABC28528ADE009C507F /* Bélgica.png */; };
		A1BF1AEE28528ADF009C507F /* Alemanha.png in Resources */ = {isa = PBXBuildFile; fileRef = A1BF1ABD28528ADE009C507F /* Alemanha.png */; };
		A1BF1AEF28528ADF009C507F /* Emirados Árabes.png in Resources */ = {isa = PBXBuildFile; fileRef = A1BF1ABE28528ADE009C507F /* Emirados Árabes.png */; };
		A1BF1AF028528ADF009C507F /* Camarões.png in Resources */ = {isa = PBXBuildFile; fileRef = A1BF1ABF28528ADE009C507F /* Camarões.png */; };
		A1BF1AF128528ADF009C507F /* Ucrânia.png in Resources */ = {isa = PBXBuildFile; fileRef = A1BF1AC028528ADF009C507F /* Ucrânia.png */; };
		A1BF1AF228528ADF009C507F /* Suécia.png in Resources */ = {isa = PBXBuildFile; fileRef = A1BF1AC128528ADF009C507F /* Suécia.png */; };
		A1BF1AF328528ADF009C507F /* Bolívia.png in Resources */ = {isa = PBXBuildFile; fileRef = A1BF1AC228528ADF009C507F /* Bolívia.png */; };
		A1BF1AF528528B0B009C507F /* winners.json in Resources */ = {isa = PBXBuildFile; fileRef = A1BF1AF428528B0B009C507F /* winners.json */; };
		A1BF1AF828528DF7009C507F /* WinnersTableViewController.swift in Sources */ = {isa = PBXBuildFile; fileRef = A1BF1AF728528DF7009C507F /* WinnersTableViewController.swift */; };
		A1BF1AFB28528E78009C507F /* WorldCupViewController.swift in Sources */ = {isa = PBXBuildFile; fileRef = A1BF1AFA28528E78009C507F /* WorldCupViewController.swift */; };
		A1BF1AFD28528EC8009C507F /* WorldCup.swift in Sources */ = {isa = PBXBuildFile; fileRef = A1BF1AFC28528EC8009C507F /* WorldCup.swift */; };
		A1BF1B002852A1CD009C507F /* WorldCupTableViewCell.swift in Sources */ = {isa = PBXBuildFile; fileRef = A1BF1AFF2852A1CD009C507F /* WorldCupTableViewCell.swift */; };
/* End PBXBuildFile section */

/* Begin PBXFileReference section */
		A1693B8F2852E1AB006FD56B /* GamesTableViewCell.swift */ = {isa = PBXFileReference; lastKnownFileType = sourcecode.swift; path = GamesTableViewCell.swift; sourceTree = "<group>"; };
		A1BF1A7728528A2C009C507F /* CampeoesDaCopa.app */ = {isa = PBXFileReference; explicitFileType = wrapper.application; includeInIndex = 0; path = CampeoesDaCopa.app; sourceTree = BUILT_PRODUCTS_DIR; };
		A1BF1A7A28528A2C009C507F /* AppDelegate.swift */ = {isa = PBXFileReference; lastKnownFileType = sourcecode.swift; path = AppDelegate.swift; sourceTree = "<group>"; };
		A1BF1A7C28528A2C009C507F /* SceneDelegate.swift */ = {isa = PBXFileReference; lastKnownFileType = sourcecode.swift; path = SceneDelegate.swift; sourceTree = "<group>"; };
		A1BF1A8128528A2C009C507F /* Base */ = {isa = PBXFileReference; lastKnownFileType = file.storyboard; name = Base; path = Base.lproj/Main.storyboard; sourceTree = "<group>"; };
		A1BF1A8428528A2C009C507F /* CampeoesDaCopa.xcdatamodel */ = {isa = PBXFileReference; lastKnownFileType = wrapper.xcdatamodel; path = CampeoesDaCopa.xcdatamodel; sourceTree = "<group>"; };
		A1BF1A8628528A33009C507F /* Assets.xcassets */ = {isa = PBXFileReference; lastKnownFileType = folder.assetcatalog; path = Assets.xcassets; sourceTree = "<group>"; };
		A1BF1A8B28528A33009C507F /* Info.plist */ = {isa = PBXFileReference; lastKnownFileType = text.plist.xml; path = Info.plist; sourceTree = "<group>"; };
		A1BF1A9228528AD9009C507F /* Hungria.png */ = {isa = PBXFileReference; lastKnownFileType = image.png; path = Hungria.png; sourceTree = "<group>"; };
		A1BF1A9328528AD9009C507F /* Argélia.png */ = {isa = PBXFileReference; lastKnownFileType = image.png; path = "Argélia.png"; sourceTree = "<group>"; };
		A1BF1A9428528ADA009C507F /* Argentina.png */ = {isa = PBXFileReference; lastKnownFileType = image.png; path = Argentina.png; sourceTree = "<group>"; };
		A1BF1A9528528ADA009C507F /* Iugoslávia.png */ = {isa = PBXFileReference; lastKnownFileType = image.png; path = "Iugoslávia.png"; sourceTree = "<group>"; };
		A1BF1A9628528ADA009C507F /* Áustria.png */ = {isa = PBXFileReference; lastKnownFileType = image.png; path = "Áustria.png"; sourceTree = "<group>"; };
		A1BF1A9728528ADA009C507F /* Tchecoslováquia.png */ = {isa = PBXFileReference; lastKnownFileType = image.png; path = "Tchecoslováquia.png"; sourceTree = "<group>"; };
		A1BF1A9828528ADA009C507F /* República Tcheca.png */ = {isa = PBXFileReference; lastKnownFileType = image.png; path = "República Tcheca.png"; sourceTree = "<group>"; };
		A1BF1A9928528ADA009C507F /* Dinamarca.png */ = {isa = PBXFileReference; lastKnownFileType = image.png; path = Dinamarca.png; sourceTree = "<group>"; };
		A1BF1A9A28528ADA009C507F /* China.png */ = {isa = PBXFileReference; lastKnownFileType = image.png; path = China.png; sourceTree = "<group>"; };
		A1BF1A9B28528ADA009C507F /* Itália.png */ = {isa = PBXFileReference; lastKnownFileType = image.png; path = "Itália.png"; sourceTree = "<group>"; };
		A1BF1A9C28528ADA009C507F /* Holanda.png */ = {isa = PBXFileReference; lastKnownFileType = image.png; path = Holanda.png; sourceTree = "<group>"; };
		A1BF1A9D28528ADA009C507F /* Bulgária.png */ = {isa = PBXFileReference; lastKnownFileType = image.png; path = "Bulgária.png"; sourceTree = "<group>"; };
		A1BF1A9E28528ADB009C507F /* Chile.png */ = {isa = PBXFileReference; lastKnownFileType = image.png; path = Chile.png; sourceTree = "<group>"; };
		A1BF1A9F28528ADB009C507F /* Coréia do Sul.png */ = {isa = PBXFileReference; lastKnownFileType = image.png; path = "Coréia do Sul.png"; sourceTree = "<group>"; };
		A1BF1AA028528ADB009C507F /* Noruega.png */ = {isa = PBXFileReference; lastKnownFileType = image.png; path = Noruega.png; sourceTree = "<group>"; };
		A1BF1AA128528ADB009C507F /* Arábia Saudita.png */ = {isa = PBXFileReference; lastKnownFileType = image.png; path = "Arábia Saudita.png"; sourceTree = "<group>"; };
		A1BF1AA228528ADB009C507F /* Suíça.png */ = {isa = PBXFileReference; lastKnownFileType = image.png; path = "Suíça.png"; sourceTree = "<group>"; };
		A1BF1AA328528ADB009C507F /* Romênia.png */ = {isa = PBXFileReference; lastKnownFileType = image.png; path = "Romênia.png"; sourceTree = "<group>"; };
		A1BF1AA428528ADB009C507F /* Alemanha Ocidental.png */ = {isa = PBXFileReference; lastKnownFileType = image.png; path = "Alemanha Ocidental.png"; sourceTree = "<group>"; };
		A1BF1AA528528ADB009C507F /* Peru.png */ = {isa = PBXFileReference; lastKnownFileType = image.png; path = Peru.png; sourceTree = "<group>"; };
		A1BF1AA628528ADB009C507F /* França.png */ = {isa = PBXFileReference; lastKnownFileType = image.png; path = "França.png"; sourceTree = "<group>"; };
		A1BF1AA728528ADC009C507F /* Honduras.png */ = {isa = PBXFileReference; lastKnownFileType = image.png; path = Honduras.png; sourceTree = "<group>"; };
		A1BF1AA828528ADC009C507F /* Gana.png */ = {isa = PBXFileReference; lastKnownFileType = image.png; path = Gana.png; sourceTree = "<group>"; };
		A1BF1AA928528ADC009C507F /* Rússia.png */ = {isa = PBXFileReference; lastKnownFileType = image.png; path = "Rússia.png"; sourceTree = "<group>"; };
		A1BF1AAA28528ADC009C507F /* Espanha.png */ = {isa = PBXFileReference; lastKnownFileType = image.png; path = Espanha.png; sourceTree = "<group>"; };
		A1BF1AAB28528ADC009C507F /* Austrália.png */ = {isa = PBXFileReference; lastKnownFileType = image.png; path = "Austrália.png"; sourceTree = "<group>"; };
		A1BF1AAC28528ADC009C507F /* Alemanha Oriental.png */ = {isa = PBXFileReference; lastKnownFileType = image.png; path = "Alemanha Oriental.png"; sourceTree = "<group>"; };
		A1BF1AAD28528ADC009C507F /* Brasil.png */ = {isa = PBXFileReference; lastKnownFileType = image.png; path = Brasil.png; sourceTree = "<group>"; };
		A1BF1AAE28528ADC009C507F /* União Soviética.png */ = {isa = PBXFileReference; lastKnownFileType = image.png; path = "União Soviética.png"; sourceTree = "<group>"; };
		A1BF1AAF28528ADC009C507F /* Polônia.png */ = {isa = PBXFileReference; lastKnownFileType = image.png; path = "Polônia.png"; sourceTree = "<group>"; };
		A1BF1AB028528ADD009C507F /* País de Gales.png */ = {isa = PBXFileReference; lastKnownFileType = image.png; path = "País de Gales.png"; sourceTree = "<group>"; };
		A1BF1AB128528ADD009C507F /* Paraguai.png */ = {isa = PBXFileReference; lastKnownFileType = image.png; path = Paraguai.png; sourceTree = "<group>"; };
		A1BF1AB228528ADD009C507F /* África do Sul.png */ = {isa = PBXFileReference; lastKnownFileType = image.png; path = "África do Sul.png"; sourceTree = "<group>"; };
		A1BF1AB328528ADD009C507F /* Croácia.png */ = {isa = PBXFileReference; lastKnownFileType = image.png; path = "Croácia.png"; sourceTree = "<group>"; };
		A1BF1AB428528ADD009C507F /* México.png */ = {isa = PBXFileReference; lastKnownFileType = image.png; path = "México.png"; sourceTree = "<group>"; };
		A1BF1AB528528ADD009C507F /* Inglaterra.png */ = {isa = PBXFileReference; lastKnownFileType = image.png; path = Inglaterra.png; sourceTree = "<group>"; };
		A1BF1AB628528ADD009C507F /* Turquia.png */ = {isa = PBXFileReference; lastKnownFileType = image.png; path = Turquia.png; sourceTree = "<group>"; };
		A1BF1AB728528ADD009C507F /* Uruguai.png */ = {isa = PBXFileReference; lastKnownFileType = image.png; path = Uruguai.png; sourceTree = "<group>"; };
		A1BF1AB828528ADE009C507F /* Colômbia.png */ = {isa = PBXFileReference; lastKnownFileType = image.png; path = "Colômbia.png"; sourceTree = "<group>"; };
		A1BF1AB928528ADE009C507F /* Estados Unidos.png */ = {isa = PBXFileReference; lastKnownFileType = image.png; path = "Estados Unidos.png"; sourceTree = "<group>"; };
		A1BF1ABA28528ADE009C507F /* Portugal.png */ = {isa = PBXFileReference; lastKnownFileType = image.png; path = Portugal.png; sourceTree = "<group>"; };
		A1BF1ABB28528ADE009C507F /* Costa Rica.png */ = {isa = PBXFileReference; lastKnownFileType = image.png; path = "Costa Rica.png"; sourceTree = "<group>"; };
		A1BF1ABC28528ADE009C507F /* Bélgica.png */ = {isa = PBXFileReference; lastKnownFileType = image.png; path = "Bélgica.png"; sourceTree = "<group>"; };
		A1BF1ABD28528ADE009C507F /* Alemanha.png */ = {isa = PBXFileReference; lastKnownFileType = image.png; path = Alemanha.png; sourceTree = "<group>"; };
		A1BF1ABE28528ADE009C507F /* Emirados Árabes.png */ = {isa = PBXFileReference; lastKnownFileType = image.png; path = "Emirados Árabes.png"; sourceTree = "<group>"; };
		A1BF1ABF28528ADE009C507F /* Camarões.png */ = {isa = PBXFileReference; lastKnownFileType = image.png; path = "Camarões.png"; sourceTree = "<group>"; };
		A1BF1AC028528ADF009C507F /* Ucrânia.png */ = {isa = PBXFileReference; lastKnownFileType = image.png; path = "Ucrânia.png"; sourceTree = "<group>"; };
		A1BF1AC128528ADF009C507F /* Suécia.png */ = {isa = PBXFileReference; lastKnownFileType = image.png; path = "Suécia.png"; sourceTree = "<group>"; };
		A1BF1AC228528ADF009C507F /* Bolívia.png */ = {isa = PBXFileReference; lastKnownFileType = image.png; path = "Bolívia.png"; sourceTree = "<group>"; };
		A1BF1AF428528B0B009C507F /* winners.json */ = {isa = PBXFileReference; fileEncoding = 4; lastKnownFileType = text.json; path = winners.json; sourceTree = "<group>"; };
		A1BF1AF728528DF7009C507F /* WinnersTableViewController.swift */ = {isa = PBXFileReference; lastKnownFileType = sourcecode.swift; path = WinnersTableViewController.swift; sourceTree = "<group>"; };
		A1BF1AFA28528E78009C507F /* WorldCupViewController.swift */ = {isa = PBXFileReference; lastKnownFileType = sourcecode.swift; path = WorldCupViewController.swift; sourceTree = "<group>"; };
		A1BF1AFC28528EC8009C507F /* WorldCup.swift */ = {isa = PBXFileReference; lastKnownFileType = sourcecode.swift; path = WorldCup.swift; sourceTree = "<group>"; };
		A1BF1AFF2852A1CD009C507F /* WorldCupTableViewCell.swift */ = {isa = PBXFileReference; lastKnownFileType = sourcecode.swift; path = WorldCupTableViewCell.swift; sourceTree = "<group>"; };
/* End PBXFileReference section */

/* Begin PBXFrameworksBuildPhase section */
		A1BF1A7428528A2C009C507F /* Frameworks */ = {
			isa = PBXFrameworksBuildPhase;
			buildActionMask = 2147483647;
			files = (
			);
			runOnlyForDeploymentPostprocessing = 0;
		};
/* End PBXFrameworksBuildPhase section */

/* Begin PBXGroup section */
		A1BF1A6E28528A2C009C507F = {
			isa = PBXGroup;
			children = (
				A1BF1A7928528A2C009C507F /* CampeoesDaCopa */,
				A1BF1A7828528A2C009C507F /* Products */,
			);
			sourceTree = "<group>";
		};
		A1BF1A7828528A2C009C507F /* Products */ = {
			isa = PBXGroup;
			children = (
				A1BF1A7728528A2C009C507F /* CampeoesDaCopa.app */,
			);
			name = Products;
			sourceTree = "<group>";
		};
		A1BF1A7928528A2C009C507F /* CampeoesDaCopa */ = {
			isa = PBXGroup;
			children = (
				A1BF1A7A28528A2C009C507F /* AppDelegate.swift */,
				A1BF1A7C28528A2C009C507F /* SceneDelegate.swift */,
				A1BF1A9128528A9D009C507F /* Files */,
				A1BF1AFE28528ECE009C507F /* Models */,
				A1BF1AF628528DB7009C507F /* Views */,
				A1BF1AF928528E02009C507F /* Controllers */,
				A1BF1A8628528A33009C507F /* Assets.xcassets */,
				A1BF1A8B28528A33009C507F /* Info.plist */,
				A1BF1A8328528A2C009C507F /* CampeoesDaCopa.xcdatamodeld */,
			);
			path = CampeoesDaCopa;
			sourceTree = "<group>";
		};
		A1BF1A9128528A9D009C507F /* Files */ = {
			isa = PBXGroup;
			children = (
				A1BF1AF428528B0B009C507F /* winners.json */,
				A1BF1AB228528ADD009C507F /* África do Sul.png */,
				A1BF1AA428528ADB009C507F /* Alemanha Ocidental.png */,
				A1BF1AAC28528ADC009C507F /* Alemanha Oriental.png */,
				A1BF1ABD28528ADE009C507F /* Alemanha.png */,
				A1BF1AA128528ADB009C507F /* Arábia Saudita.png */,
				A1BF1A9328528AD9009C507F /* Argélia.png */,
				A1BF1A9428528ADA009C507F /* Argentina.png */,
				A1BF1AAB28528ADC009C507F /* Austrália.png */,
				A1BF1A9628528ADA009C507F /* Áustria.png */,
				A1BF1ABC28528ADE009C507F /* Bélgica.png */,
				A1BF1AC228528ADF009C507F /* Bolívia.png */,
				A1BF1AAD28528ADC009C507F /* Brasil.png */,
				A1BF1A9D28528ADA009C507F /* Bulgária.png */,
				A1BF1ABF28528ADE009C507F /* Camarões.png */,
				A1BF1A9E28528ADB009C507F /* Chile.png */,
				A1BF1A9A28528ADA009C507F /* China.png */,
				A1BF1AB828528ADE009C507F /* Colômbia.png */,
				A1BF1A9F28528ADB009C507F /* Coréia do Sul.png */,
				A1BF1ABB28528ADE009C507F /* Costa Rica.png */,
				A1BF1AB328528ADD009C507F /* Croácia.png */,
				A1BF1A9928528ADA009C507F /* Dinamarca.png */,
				A1BF1ABE28528ADE009C507F /* Emirados Árabes.png */,
				A1BF1AAA28528ADC009C507F /* Espanha.png */,
				A1BF1AB928528ADE009C507F /* Estados Unidos.png */,
				A1BF1AA628528ADB009C507F /* França.png */,
				A1BF1AA828528ADC009C507F /* Gana.png */,
				A1BF1A9C28528ADA009C507F /* Holanda.png */,
				A1BF1AA728528ADC009C507F /* Honduras.png */,
				A1BF1A9228528AD9009C507F /* Hungria.png */,
				A1BF1AB528528ADD009C507F /* Inglaterra.png */,
				A1BF1A9B28528ADA009C507F /* Itália.png */,
				A1BF1A9528528ADA009C507F /* Iugoslávia.png */,
				A1BF1AB428528ADD009C507F /* México.png */,
				A1BF1AA028528ADB009C507F /* Noruega.png */,
				A1BF1AB028528ADD009C507F /* País de Gales.png */,
				A1BF1AB128528ADD009C507F /* Paraguai.png */,
				A1BF1AA528528ADB009C507F /* Peru.png */,
				A1BF1AAF28528ADC009C507F /* Polônia.png */,
				A1BF1ABA28528ADE009C507F /* Portugal.png */,
				A1BF1A9828528ADA009C507F /* República Tcheca.png */,
				A1BF1AA328528ADB009C507F /* Romênia.png */,
				A1BF1AA928528ADC009C507F /* Rússia.png */,
				A1BF1AC128528ADF009C507F /* Suécia.png */,
				A1BF1AA228528ADB009C507F /* Suíça.png */,
				A1BF1A9728528ADA009C507F /* Tchecoslováquia.png */,
				A1BF1AB628528ADD009C507F /* Turquia.png */,
				A1BF1AC028528ADF009C507F /* Ucrânia.png */,
				A1BF1AAE28528ADC009C507F /* União Soviética.png */,
				A1BF1AB728528ADD009C507F /* Uruguai.png */,
			);
			path = Files;
			sourceTree = "<group>";
		};
		A1BF1AF628528DB7009C507F /* Views */ = {
			isa = PBXGroup;
			children = (
				A1BF1A8028528A2C009C507F /* Main.storyboard */,
			);
			path = Views;
			sourceTree = "<group>";
		};
		A1BF1AF928528E02009C507F /* Controllers */ = {
			isa = PBXGroup;
			children = (
				A1693B8F2852E1AB006FD56B /* GamesTableViewCell.swift */,
				A1BF1AF728528DF7009C507F /* WinnersTableViewController.swift */,
				A1BF1AFA28528E78009C507F /* WorldCupViewController.swift */,
				A1BF1AFF2852A1CD009C507F /* WorldCupTableViewCell.swift */,
			);
			path = Controllers;
			sourceTree = "<group>";
		};
		A1BF1AFE28528ECE009C507F /* Models */ = {
			isa = PBXGroup;
			children = (
				A1BF1AFC28528EC8009C507F /* WorldCup.swift */,
			);
			path = Models;
			sourceTree = "<group>";
		};
/* End PBXGroup section */

/* Begin PBXNativeTarget section */
		A1BF1A7628528A2C009C507F /* CampeoesDaCopa */ = {
			isa = PBXNativeTarget;
			buildConfigurationList = A1BF1A8E28528A33009C507F /* Build configuration list for PBXNativeTarget "CampeoesDaCopa" */;
			buildPhases = (
				A1BF1A7328528A2C009C507F /* Sources */,
				A1BF1A7428528A2C009C507F /* Frameworks */,
				A1BF1A7528528A2C009C507F /* Resources */,
			);
			buildRules = (
			);
			dependencies = (
			);
			name = CampeoesDaCopa;
			productName = CampeoesDaCopa;
			productReference = A1BF1A7728528A2C009C507F /* CampeoesDaCopa.app */;
			productType = "com.apple.product-type.application";
		};
/* End PBXNativeTarget section */

/* Begin PBXProject section */
		A1BF1A6F28528A2C009C507F /* Project object */ = {
			isa = PBXProject;
			attributes = {
				BuildIndependentTargetsInParallel = 1;
				LastSwiftUpdateCheck = 1340;
				LastUpgradeCheck = 1340;
				TargetAttributes = {
					A1BF1A7628528A2C009C507F = {
						CreatedOnToolsVersion = 13.4.1;
					};
				};
			};
			buildConfigurationList = A1BF1A7228528A2C009C507F /* Build configuration list for PBXProject "CampeoesDaCopa" */;
			compatibilityVersion = "Xcode 13.0";
			developmentRegion = en;
			hasScannedForEncodings = 0;
			knownRegions = (
				en,
				Base,
			);
			mainGroup = A1BF1A6E28528A2C009C507F;
			productRefGroup = A1BF1A7828528A2C009C507F /* Products */;
			projectDirPath = "";
			projectRoot = "";
			targets = (
				A1BF1A7628528A2C009C507F /* CampeoesDaCopa */,
			);
		};
/* End PBXProject section */

/* Begin PBXResourcesBuildPhase section */
		A1BF1A7528528A2C009C507F /* Resources */ = {
			isa = PBXResourcesBuildPhase;
			buildActionMask = 2147483647;
			files = (
				A1BF1AD728528ADF009C507F /* França.png in Resources */,
				A1BF1AE728528ADF009C507F /* Turquia.png in Resources */,
				A1BF1AC628528ADF009C507F /* Iugoslávia.png in Resources */,
				A1BF1ACF28528ADF009C507F /* Chile.png in Resources */,
				A1BF1AC728528ADF009C507F /* Áustria.png in Resources */,
				A1BF1AD328528ADF009C507F /* Suíça.png in Resources */,
				A1BF1AD128528ADF009C507F /* Noruega.png in Resources */,
				A1BF1ACC28528ADF009C507F /* Itália.png in Resources */,
				A1BF1AF128528ADF009C507F /* Ucrânia.png in Resources */,
				A1BF1AE328528ADF009C507F /* África do Sul.png in Resources */,
				A1BF1ACA28528ADF009C507F /* Dinamarca.png in Resources */,
				A1BF1AEF28528ADF009C507F /* Emirados Árabes.png in Resources */,
				A1BF1AC828528ADF009C507F /* Tchecoslováquia.png in Resources */,
				A1BF1AE228528ADF009C507F /* Paraguai.png in Resources */,
				A1BF1AD628528ADF009C507F /* Peru.png in Resources */,
				A1BF1AE128528ADF009C507F /* País de Gales.png in Resources */,
				A1BF1AE028528ADF009C507F /* Polônia.png in Resources */,
				A1BF1AF028528ADF009C507F /* Camarões.png in Resources */,
				A1BF1AF328528ADF009C507F /* Bolívia.png in Resources */,
				A1BF1AD028528ADF009C507F /* Coréia do Sul.png in Resources */,
				A1BF1ADE28528ADF009C507F /* Brasil.png in Resources */,
				A1BF1ACD28528ADF009C507F /* Holanda.png in Resources */,
				A1BF1AF228528ADF009C507F /* Suécia.png in Resources */,
				A1BF1ADA28528ADF009C507F /* Rússia.png in Resources */,
				A1BF1AF528528B0B009C507F /* winners.json in Resources */,
				A1BF1ACE28528ADF009C507F /* Bulgária.png in Resources */,
				A1BF1ADF28528ADF009C507F /* União Soviética.png in Resources */,
				A1BF1AE628528ADF009C507F /* Inglaterra.png in Resources */,
				A1BF1AD828528ADF009C507F /* Honduras.png in Resources */,
				A1BF1ADD28528ADF009C507F /* Alemanha Oriental.png in Resources */,
				A1BF1AC328528ADF009C507F /* Hungria.png in Resources */,
				A1BF1AED28528ADF009C507F /* Bélgica.png in Resources */,
				A1BF1AD228528ADF009C507F /* Arábia Saudita.png in Resources */,
				A1BF1AEC28528ADF009C507F /* Costa Rica.png in Resources */,
				A1BF1AD528528ADF009C507F /* Alemanha Ocidental.png in Resources */,
				A1BF1AE928528ADF009C507F /* Colômbia.png in Resources */,
				A1BF1ADC28528ADF009C507F /* Austrália.png in Resources */,
				A1BF1AE428528ADF009C507F /* Croácia.png in Resources */,
				A1BF1A8728528A33009C507F /* Assets.xcassets in Resources */,
				A1BF1ACB28528ADF009C507F /* China.png in Resources */,
				A1BF1AD928528ADF009C507F /* Gana.png in Resources */,
				A1BF1AC528528ADF009C507F /* Argentina.png in Resources */,
				A1BF1AEA28528ADF009C507F /* Estados Unidos.png in Resources */,
				A1BF1A8228528A2C009C507F /* Main.storyboard in Resources */,
				A1BF1AEB28528ADF009C507F /* Portugal.png in Resources */,
				A1BF1AD428528ADF009C507F /* Romênia.png in Resources */,
				A1BF1AE828528ADF009C507F /* Uruguai.png in Resources */,
				A1BF1AEE28528ADF009C507F /* Alemanha.png in Resources */,
				A1BF1AE528528ADF009C507F /* México.png in Resources */,
				A1BF1AC928528ADF009C507F /* República Tcheca.png in Resources */,
				A1BF1ADB28528ADF009C507F /* Espanha.png in Resources */,
				A1BF1AC428528ADF009C507F /* Argélia.png in Resources */,
			);
			runOnlyForDeploymentPostprocessing = 0;
		};
/* End PBXResourcesBuildPhase section */

/* Begin PBXSourcesBuildPhase section */
		A1BF1A7328528A2C009C507F /* Sources */ = {
			isa = PBXSourcesBuildPhase;
			buildActionMask = 2147483647;
			files = (
				A1BF1AF828528DF7009C507F /* WinnersTableViewController.swift in Sources */,
				A1BF1AFD28528EC8009C507F /* WorldCup.swift in Sources */,
				A1BF1AFB28528E78009C507F /* WorldCupViewController.swift in Sources */,
				A1693B902852E1AB006FD56B /* GamesTableViewCell.swift in Sources */,
				A1BF1B002852A1CD009C507F /* WorldCupTableViewCell.swift in Sources */,
				A1BF1A8528528A2C009C507F /* CampeoesDaCopa.xcdatamodeld in Sources */,
				A1BF1A7B28528A2C009C507F /* AppDelegate.swift in Sources */,
				A1BF1A7D28528A2C009C507F /* SceneDelegate.swift in Sources */,
			);
			runOnlyForDeploymentPostprocessing = 0;
		};
/* End PBXSourcesBuildPhase section */

/* Begin PBXVariantGroup section */
		A1BF1A8028528A2C009C507F /* Main.storyboard */ = {
			isa = PBXVariantGroup;
			children = (
				A1BF1A8128528A2C009C507F /* Base */,
			);
			name = Main.storyboard;
			sourceTree = "<group>";
		};
/* End PBXVariantGroup section */

/* Begin XCBuildConfiguration section */
		A1BF1A8C28528A33009C507F /* Debug */ = {
			isa = XCBuildConfiguration;
			buildSettings = {
				ALWAYS_SEARCH_USER_PATHS = NO;
				CLANG_ANALYZER_NONNULL = YES;
				CLANG_ANALYZER_NUMBER_OBJECT_CONVERSION = YES_AGGRESSIVE;
				CLANG_CXX_LANGUAGE_STANDARD = "gnu++17";
				CLANG_ENABLE_MODULES = YES;
				CLANG_ENABLE_OBJC_ARC = YES;
				CLANG_ENABLE_OBJC_WEAK = YES;
				CLANG_WARN_BLOCK_CAPTURE_AUTORELEASING = YES;
				CLANG_WARN_BOOL_CONVERSION = YES;
				CLANG_WARN_COMMA = YES;
				CLANG_WARN_CONSTANT_CONVERSION = YES;
				CLANG_WARN_DEPRECATED_OBJC_IMPLEMENTATIONS = YES;
				CLANG_WARN_DIRECT_OBJC_ISA_USAGE = YES_ERROR;
				CLANG_WARN_DOCUMENTATION_COMMENTS = YES;
				CLANG_WARN_EMPTY_BODY = YES;
				CLANG_WARN_ENUM_CONVERSION = YES;
				CLANG_WARN_INFINITE_RECURSION = YES;
				CLANG_WARN_INT_CONVERSION = YES;
				CLANG_WARN_NON_LITERAL_NULL_CONVERSION = YES;
				CLANG_WARN_OBJC_IMPLICIT_RETAIN_SELF = YES;
				CLANG_WARN_OBJC_LITERAL_CONVERSION = YES;
				CLANG_WARN_OBJC_ROOT_CLASS = YES_ERROR;
				CLANG_WARN_QUOTED_INCLUDE_IN_FRAMEWORK_HEADER = YES;
				CLANG_WARN_RANGE_LOOP_ANALYSIS = YES;
				CLANG_WARN_STRICT_PROTOTYPES = YES;
				CLANG_WARN_SUSPICIOUS_MOVE = YES;
				CLANG_WARN_UNGUARDED_AVAILABILITY = YES_AGGRESSIVE;
				CLANG_WARN_UNREACHABLE_CODE = YES;
				CLANG_WARN__DUPLICATE_METHOD_MATCH = YES;
				COPY_PHASE_STRIP = NO;
				DEBUG_INFORMATION_FORMAT = dwarf;
				ENABLE_STRICT_OBJC_MSGSEND = YES;
				ENABLE_TESTABILITY = YES;
				GCC_C_LANGUAGE_STANDARD = gnu11;
				GCC_DYNAMIC_NO_PIC = NO;
				GCC_NO_COMMON_BLOCKS = YES;
				GCC_OPTIMIZATION_LEVEL = 0;
				GCC_PREPROCESSOR_DEFINITIONS = (
					"DEBUG=1",
					"$(inherited)",
				);
				GCC_WARN_64_TO_32_BIT_CONVERSION = YES;
				GCC_WARN_ABOUT_RETURN_TYPE = YES_ERROR;
				GCC_WARN_UNDECLARED_SELECTOR = YES;
				GCC_WARN_UNINITIALIZED_AUTOS = YES_AGGRESSIVE;
				GCC_WARN_UNUSED_FUNCTION = YES;
				GCC_WARN_UNUSED_VARIABLE = YES;
				IPHONEOS_DEPLOYMENT_TARGET = 15.5;
				MTL_ENABLE_DEBUG_INFO = INCLUDE_SOURCE;
				MTL_FAST_MATH = YES;
				ONLY_ACTIVE_ARCH = YES;
				SDKROOT = iphoneos;
				SWIFT_ACTIVE_COMPILATION_CONDITIONS = DEBUG;
				SWIFT_OPTIMIZATION_LEVEL = "-Onone";
			};
			name = Debug;
		};
		A1BF1A8D28528A33009C507F /* Release */ = {
			isa = XCBuildConfiguration;
			buildSettings = {
				ALWAYS_SEARCH_USER_PATHS = NO;
				CLANG_ANALYZER_NONNULL = YES;
				CLANG_ANALYZER_NUMBER_OBJECT_CONVERSION = YES_AGGRESSIVE;
				CLANG_CXX_LANGUAGE_STANDARD = "gnu++17";
				CLANG_ENABLE_MODULES = YES;
				CLANG_ENABLE_OBJC_ARC = YES;
				CLANG_ENABLE_OBJC_WEAK = YES;
				CLANG_WARN_BLOCK_CAPTURE_AUTORELEASING = YES;
				CLANG_WARN_BOOL_CONVERSION = YES;
				CLANG_WARN_COMMA = YES;
				CLANG_WARN_CONSTANT_CONVERSION = YES;
				CLANG_WARN_DEPRECATED_OBJC_IMPLEMENTATIONS = YES;
				CLANG_WARN_DIRECT_OBJC_ISA_USAGE = YES_ERROR;
				CLANG_WARN_DOCUMENTATION_COMMENTS = YES;
				CLANG_WARN_EMPTY_BODY = YES;
				CLANG_WARN_ENUM_CONVERSION = YES;
				CLANG_WARN_INFINITE_RECURSION = YES;
				CLANG_WARN_INT_CONVERSION = YES;
				CLANG_WARN_NON_LITERAL_NULL_CONVERSION = YES;
				CLANG_WARN_OBJC_IMPLICIT_RETAIN_SELF = YES;
				CLANG_WARN_OBJC_LITERAL_CONVERSION = YES;
				CLANG_WARN_OBJC_ROOT_CLASS = YES_ERROR;
				CLANG_WARN_QUOTED_INCLUDE_IN_FRAMEWORK_HEADER = YES;
				CLANG_WARN_RANGE_LOOP_ANALYSIS = YES;
				CLANG_WARN_STRICT_PROTOTYPES = YES;
				CLANG_WARN_SUSPICIOUS_MOVE = YES;
				CLANG_WARN_UNGUARDED_AVAILABILITY = YES_AGGRESSIVE;
				CLANG_WARN_UNREACHABLE_CODE = YES;
				CLANG_WARN__DUPLICATE_METHOD_MATCH = YES;
				COPY_PHASE_STRIP = NO;
				DEBUG_INFORMATION_FORMAT = "dwarf-with-dsym";
				ENABLE_NS_ASSERTIONS = NO;
				ENABLE_STRICT_OBJC_MSGSEND = YES;
				GCC_C_LANGUAGE_STANDARD = gnu11;
				GCC_NO_COMMON_BLOCKS = YES;
				GCC_WARN_64_TO_32_BIT_CONVERSION = YES;
				GCC_WARN_ABOUT_RETURN_TYPE = YES_ERROR;
				GCC_WARN_UNDECLARED_SELECTOR = YES;
				GCC_WARN_UNINITIALIZED_AUTOS = YES_AGGRESSIVE;
				GCC_WARN_UNUSED_FUNCTION = YES;
				GCC_WARN_UNUSED_VARIABLE = YES;
				IPHONEOS_DEPLOYMENT_TARGET = 15.5;
				MTL_ENABLE_DEBUG_INFO = NO;
				MTL_FAST_MATH = YES;
				SDKROOT = iphoneos;
				SWIFT_COMPILATION_MODE = wholemodule;
				SWIFT_OPTIMIZATION_LEVEL = "-O";
				VALIDATE_PRODUCT = YES;
			};
			name = Release;
		};
		A1BF1A8F28528A33009C507F /* Debug */ = {
			isa = XCBuildConfiguration;
			buildSettings = {
				ASSETCATALOG_COMPILER_APPICON_NAME = AppIcon;
				ASSETCATALOG_COMPILER_GLOBAL_ACCENT_COLOR_NAME = AccentColor;
				CODE_SIGN_STYLE = Automatic;
				CURRENT_PROJECT_VERSION = 1;
				DEVELOPMENT_TEAM = 228C4R574Q;
				GENERATE_INFOPLIST_FILE = YES;
				INFOPLIST_FILE = CampeoesDaCopa/Info.plist;
				INFOPLIST_KEY_UIApplicationSupportsIndirectInputEvents = YES;
				INFOPLIST_KEY_UILaunchStoryboardName = LaunchScreen;
				INFOPLIST_KEY_UIMainStoryboardFile = Main;
				INFOPLIST_KEY_UISupportedInterfaceOrientations_iPad = "UIInterfaceOrientationPortrait UIInterfaceOrientationPortraitUpsideDown UIInterfaceOrientationLandscapeLeft UIInterfaceOrientationLandscapeRight";
				INFOPLIST_KEY_UISupportedInterfaceOrientations_iPhone = "UIInterfaceOrientationPortrait UIInterfaceOrientationLandscapeLeft UIInterfaceOrientationLandscapeRight";
				LD_RUNPATH_SEARCH_PATHS = (
					"$(inherited)",
					"@executable_path/Frameworks",
				);
				MARKETING_VERSION = 1.0;
				PRODUCT_BUNDLE_IDENTIFIER = com.matheusoliveira.CampeoesDaCopa;
				PRODUCT_NAME = "$(TARGET_NAME)";
				SWIFT_EMIT_LOC_STRINGS = YES;
				SWIFT_VERSION = 5.0;
				TARGETED_DEVICE_FAMILY = "1,2";
			};
			name = Debug;
		};
		A1BF1A9028528A33009C507F /* Release */ = {
			isa = XCBuildConfiguration;
			buildSettings = {
				ASSETCATALOG_COMPILER_APPICON_NAME = AppIcon;
				ASSETCATALOG_COMPILER_GLOBAL_ACCENT_COLOR_NAME = AccentColor;
				CODE_SIGN_STYLE = Automatic;
				CURRENT_PROJECT_VERSION = 1;
				DEVELOPMENT_TEAM = 228C4R574Q;
				GENERATE_INFOPLIST_FILE = YES;
				INFOPLIST_FILE = CampeoesDaCopa/Info.plist;
				INFOPLIST_KEY_UIApplicationSupportsIndirectInputEvents = YES;
				INFOPLIST_KEY_UILaunchStoryboardName = LaunchScreen;
				INFOPLIST_KEY_UIMainStoryboardFile = Main;
				INFOPLIST_KEY_UISupportedInterfaceOrientations_iPad = "UIInterfaceOrientationPortrait UIInterfaceOrientationPortraitUpsideDown UIInterfaceOrientationLandscapeLeft UIInterfaceOrientationLandscapeRight";
				INFOPLIST_KEY_UISupportedInterfaceOrientations_iPhone = "UIInterfaceOrientationPortrait UIInterfaceOrientationLandscapeLeft UIInterfaceOrientationLandscapeRight";
				LD_RUNPATH_SEARCH_PATHS = (
					"$(inherited)",
					"@executable_path/Frameworks",
				);
				MARKETING_VERSION = 1.0;
				PRODUCT_BUNDLE_IDENTIFIER = com.matheusoliveira.CampeoesDaCopa;
				PRODUCT_NAME = "$(TARGET_NAME)";
				SWIFT_EMIT_LOC_STRINGS = YES;
				SWIFT_VERSION = 5.0;
				TARGETED_DEVICE_FAMILY = "1,2";
			};
			name = Release;
		};
/* End XCBuildConfiguration section */

/* Begin XCConfigurationList section */
		A1BF1A7228528A2C009C507F /* Build configuration list for PBXProject "CampeoesDaCopa" */ = {
			isa = XCConfigurationList;
			buildConfigurations = (
				A1BF1A8C28528A33009C507F /* Debug */,
				A1BF1A8D28528A33009C507F /* Release */,
			);
			defaultConfigurationIsVisible = 0;
			defaultConfigurationName = Release;
		};
		A1BF1A8E28528A33009C507F /* Build configuration list for PBXNativeTarget "CampeoesDaCopa" */ = {
			isa = XCConfigurationList;
			buildConfigurations = (
				A1BF1A8F28528A33009C507F /* Debug */,
				A1BF1A9028528A33009C507F /* Release */,
			);
			defaultConfigurationIsVisible = 0;
			defaultConfigurationName = Release;
		};
/* End XCConfigurationList section */

/* Begin XCVersionGroup section */
		A1BF1A8328528A2C009C507F /* CampeoesDaCopa.xcdatamodeld */ = {
			isa = XCVersionGroup;
			children = (
				A1BF1A8428528A2C009C507F /* CampeoesDaCopa.xcdatamodel */,
			);
			currentVersion = A1BF1A8428528A2C009C507F /* CampeoesDaCopa.xcdatamodel */;
			path = CampeoesDaCopa.xcdatamodeld;
			sourceTree = "<group>";
			versionGroupType = wrapper.xcdatamodel;
		};
/* End XCVersionGroup section */
	};
	rootObject = A1BF1A6F28528A2C009C507F /* Project object */;
}
